
Microsoft Visual Studio Solution File, Format Version 11.00
# Visual Studio 2010
Project("{FAE04EC0-301F-11D3-BF4B-00C04F79EFBC}") = "MultiParadigma", "MultiParadigma.csproj", "{B38602D5-B554-4395-AA14-139630109959}"
EndProject
Global
	GlobalSection(SolutionConfigurationPlatforms) = preSolution
		Debug|x86 = Debug|x86
		Release|x86 = Release|x86
	EndGlobalSection
	GlobalSection(ProjectConfigurationPlatforms) = postSolution
		{B38602D5-B554-4395-AA14-139630109959}.Debug|x86.ActiveCfg = Debug|x86
		{B38602D5-B554-4395-AA14-139630109959}.Debug|x86.Build.0 = Debug|x86
		{B38602D5-B554-4395-AA14-139630109959}.Release|x86.ActiveCfg = Release|x86
		{B38602D5-B554-4395-AA14-139630109959}.Release|x86.Build.0 = Release|x86
	EndGlobalSection
	GlobalSection(MonoDevelopProperties) = preSolution
		StartupItem = MultiParadigma.csproj
	EndGlobalSection
EndGlobal
